
Microsoft Visual Studio Solution File, Format Version 12.00
# Visual Studio 15
VisualStudioVersion = 15.0.28307.421
MinimumVisualStudioVersion = 10.0.40219.1
Project("{00D1A9C2-B5F0-4AF3-8072-F6C62B433612}") = "BravissimoStudioDB", "BravissimoStudioDB\BravissimoStudioDB.sqlproj", "{389F3F18-8255-4A16-AD61-B369CB26D52D}"
EndProject
Project("{FAE04EC0-301F-11D3-BF4B-00C04F79EFBC}") = "BravissimoStudio.Web", "BravissimoStudio.Web\BravissimoStudio.Web.csproj", "{C9706BF5-D8B7-4D29-A5E2-1A05B6B40C24}"
EndProject
Project("{FAE04EC0-301F-11D3-BF4B-00C04F79EFBC}") = "BravissimoStudio.BL", "BravissimoStudio.BL\BravissimoStudio.BL.csproj", "{5D68763D-19D6-41DE-8031-5763DAE0AA74}"
EndProject
Project("{FAE04EC0-301F-11D3-BF4B-00C04F79EFBC}") = "BravissimoStudio.DA", "BravissimoStudio.DA\BravissimoStudio.DA.csproj", "{B47E0596-0D0C-4D65-ABF9-21C12238E950}"
EndProject
Project("{FAE04EC0-301F-11D3-BF4B-00C04F79EFBC}") = "BravissimoStudio.Models", "BravissimoStudio.Models\BravissimoStudio.Models.csproj", "{6B833162-C6AF-418A-A592-362A21972A7A}"
EndProject
Global
	GlobalSection(SolutionConfigurationPlatforms) = preSolution
		Debug|Any CPU = Debug|Any CPU
		Release|Any CPU = Release|Any CPU
	EndGlobalSection
	GlobalSection(ProjectConfigurationPlatforms) = postSolution
		{389F3F18-8255-4A16-AD61-B369CB26D52D}.Debug|Any CPU.ActiveCfg = Debug|Any CPU
		{389F3F18-8255-4A16-AD61-B369CB26D52D}.Debug|Any CPU.Build.0 = Debug|Any CPU
		{389F3F18-8255-4A16-AD61-B369CB26D52D}.Debug|Any CPU.Deploy.0 = Debug|Any CPU
		{389F3F18-8255-4A16-AD61-B369CB26D52D}.Release|Any CPU.ActiveCfg = Release|Any CPU
		{389F3F18-8255-4A16-AD61-B369CB26D52D}.Release|Any CPU.Build.0 = Release|Any CPU
		{389F3F18-8255-4A16-AD61-B369CB26D52D}.Release|Any CPU.Deploy.0 = Release|Any CPU
		{C9706BF5-D8B7-4D29-A5E2-1A05B6B40C24}.Debug|Any CPU.ActiveCfg = Debug|Any CPU
		{C9706BF5-D8B7-4D29-A5E2-1A05B6B40C24}.Debug|Any CPU.Build.0 = Debug|Any CPU
		{C9706BF5-D8B7-4D29-A5E2-1A05B6B40C24}.Release|Any CPU.ActiveCfg = Release|Any CPU
		{C9706BF5-D8B7-4D29-A5E2-1A05B6B40C24}.Release|Any CPU.Build.0 = Release|Any CPU
		{5D68763D-19D6-41DE-8031-5763DAE0AA74}.Debug|Any CPU.ActiveCfg = Debug|Any CPU
		{5D68763D-19D6-41DE-8031-5763DAE0AA74}.Debug|Any CPU.Build.0 = Debug|Any CPU
		{5D68763D-19D6-41DE-8031-5763DAE0AA74}.Release|Any CPU.ActiveCfg = Release|Any CPU
		{5D68763D-19D6-41DE-8031-5763DAE0AA74}.Release|Any CPU.Build.0 = Release|Any CPU
		{B47E0596-0D0C-4D65-ABF9-21C12238E950}.Debug|Any CPU.ActiveCfg = Debug|Any CPU
		{B47E0596-0D0C-4D65-ABF9-21C12238E950}.Debug|Any CPU.Build.0 = Debug|Any CPU
		{B47E0596-0D0C-4D65-ABF9-21C12238E950}.Release|Any CPU.ActiveCfg = Release|Any CPU
		{B47E0596-0D0C-4D65-ABF9-21C12238E950}.Release|Any CPU.Build.0 = Release|Any CPU
		{6B833162-C6AF-418A-A592-362A21972A7A}.Debug|Any CPU.ActiveCfg = Debug|Any CPU
		{6B833162-C6AF-418A-A592-362A21972A7A}.Debug|Any CPU.Build.0 = Debug|Any CPU
		{6B833162-C6AF-418A-A592-362A21972A7A}.Release|Any CPU.ActiveCfg = Release|Any CPU
		{6B833162-C6AF-418A-A592-362A21972A7A}.Release|Any CPU.Build.0 = Release|Any CPU
	EndGlobalSection
	GlobalSection(SolutionProperties) = preSolution
		HideSolutionNode = FALSE
	EndGlobalSection
	GlobalSection(ExtensibilityGlobals) = postSolution
		SolutionGuid = {89BCE845-532B-4EBC-A0E9-75234BAF0B1F}
	EndGlobalSection
EndGlobal
